{
  "name": "openidconnect-signin",
  "version": "2.1.1",
  "lockfileVersion": 1,
  "requires": true,
  "dependencies": {
    "@webcomponents/webcomponentsjs": {
      "version": "2.2.7",
      "resolved": "https://registry.npmjs.org/@webcomponents/webcomponentsjs/-/webcomponentsjs-2.2.7.tgz",
      "integrity": "sha512-kPPjzV+5kpoWpTniyvBSPcXS33f3j/C6HvNOJ3YecF3pvz3XwVeU4ammbxtVy/osF3z7hr1DYNptIf4oPEvXZA==",
      "dev": true
    },
    "babel-polyfill": {
      "version": "6.26.0",
      "resolved": "https://registry.npmjs.org/babel-polyfill/-/babel-polyfill-6.26.0.tgz",
      "integrity": "sha1-N5k3q8Z9eJWXCtxiHyhM2WbPIVM=",
      "optional": true,
      "requires": {
        "babel-runtime": "^6.26.0",
        "core-js": "^2.5.0",
        "regenerator-runtime": "^0.10.5"
      }
    },
    "babel-runtime": {
      "version": "6.26.0",
      "resolved": "https://registry.npmjs.org/babel-runtime/-/babel-runtime-6.26.0.tgz",
      "integrity": "sha1-llxwWGaOgrVde/4E/yM3vItWR/4=",
      "optional": true,
      "requires": {
        "core-js": "^2.4.0",
        "regenerator-runtime": "^0.11.0"
      },
      "dependencies": {
        "regenerator-runtime": {
          "version": "0.11.1",
          "resolved": "https://registry.npmjs.org/regenerator-runtime/-/regenerator-runtime-0.11.1.tgz",
          "integrity": "sha512-MguG95oij0fC3QV3URf4V2SDYGJhJnJGqvIIgdECeODCT98wSWDAJ94SSuVpYQUoTcGUIL6L4yNB7j1DFFHSBg==",
          "optional": true
        }
      }
    },
    "core-js": {
      "version": "2.6.4",
      "resolved": "https://registry.npmjs.org/core-js/-/core-js-2.6.4.tgz",
      "integrity": "sha512-05qQ5hXShcqGkPZpXEFLIpxayZscVD2kuMBZewxiIPPEagukO4mqgPA9CWhUvFBJfy3ODdK2p9xyHh7FTU9/7A==",
      "optional": true
    },
    "jsrsasign": {
      "version": "8.0.12",
      "resolved": "https://registry.npmjs.org/jsrsasign/-/jsrsasign-8.0.12.tgz",
      "integrity": "sha1-Iqu5ZW00owuVMENnIINeicLlwxY="
    },
    "lit-element": {
      "version": "2.0.1",
      "resolved": "https://registry.npmjs.org/lit-element/-/lit-element-2.0.1.tgz",
      "integrity": "sha512-2bu3B2ZYUZgntvOgu3i5mRK8geo45CLUwxwJEYK54hyednoJasjiTZPB13NBg1D+hNM2JfmWTWJnh1QEUQv7zw==",
      "requires": {
        "lit-html": "^1.0.0"
      }
    },
    "lit-html": {
      "version": "1.0.0",
      "resolved": "https://registry.npmjs.org/lit-html/-/lit-html-1.0.0.tgz",
      "integrity": "sha512-oeWlpLmBW3gFl7979Wol2LKITpmKTUFNn7PnFbh6YNynF61W74l6x5WhwItAwPRSATpexaX1egNnRzlN4GOtfQ=="
    },
    "oidc-client": {
      "version": "1.6.1",
      "resolved": "https://registry.npmjs.org/oidc-client/-/oidc-client-1.6.1.tgz",
      "integrity": "sha512-buA9G0hlFjUwxoL/xuHunBtTgoICtJSojnZtATqMliUTKxPYAzHprOQ85Lj0hgF+Zv8lI/ViqaNFDG0Z5KCUKA==",
      "requires": {
        "babel-polyfill": ">=6.9.1",
        "jsrsasign": "^8.0.12"
      }
    },
    "regenerator-runtime": {
      "version": "0.10.5",
      "resolved": "https://registry.npmjs.org/regenerator-runtime/-/regenerator-runtime-0.10.5.tgz",
      "integrity": "sha1-M2w+/BIgrc7dosn6tntaeVWjNlg=",
      "optional": true
    }
  }
}
